
Microsoft Visual Studio Solution File, Format Version 12.00
# Visual Studio 2015
Project("{FAE04EC0-301F-11D3-BF4B-00C04F79EFBC}") = "FishProject", "FishProject.csproj", "{348D5A85-2AFC-92D6-C74A-9FA8F31C0703}"
EndProject
Project("{FAE04EC0-301F-11D3-BF4B-00C04F79EFBC}") = "FishProject.Editor", "FishProject.Editor.csproj", "{4DA30DFF-CB3F-1512-A8BE-ECBC10C9E276}"
EndProject
Global
	GlobalSection(SolutionConfigurationPlatforms) = preSolution
		Debug|Any CPU = Debug|Any CPU
		Release|Any CPU = Release|Any CPU
	EndGlobalSection
	GlobalSection(ProjectConfigurationPlatforms) = postSolution
		{348D5A85-2AFC-92D6-C74A-9FA8F31C0703}.Debug|Any CPU.ActiveCfg = Debug|Any CPU
		{348D5A85-2AFC-92D6-C74A-9FA8F31C0703}.Debug|Any CPU.Build.0 = Debug|Any CPU
		{348D5A85-2AFC-92D6-C74A-9FA8F31C0703}.Release|Any CPU.ActiveCfg = Release|Any CPU
		{348D5A85-2AFC-92D6-C74A-9FA8F31C0703}.Release|Any CPU.Build.0 = Release|Any CPU
		{4DA30DFF-CB3F-1512-A8BE-ECBC10C9E276}.Debug|Any CPU.ActiveCfg = Debug|Any CPU
		{4DA30DFF-CB3F-1512-A8BE-ECBC10C9E276}.Debug|Any CPU.Build.0 = Debug|Any CPU
		{4DA30DFF-CB3F-1512-A8BE-ECBC10C9E276}.Release|Any CPU.ActiveCfg = Release|Any CPU
		{4DA30DFF-CB3F-1512-A8BE-ECBC10C9E276}.Release|Any CPU.Build.0 = Release|Any CPU
	EndGlobalSection
	GlobalSection(SolutionProperties) = preSolution
		HideSolutionNode = FALSE
	EndGlobalSection
EndGlobal
